# This file is automatically @generated by Cargo.
# It is not intended for manual editing.
version = 3

[[package]]
name = "blue-kernel"
version = "0.1.0"
dependencies = [
 "bootloader_api",
]

[[package]]
name = "bootloader_api"
version = "0.11.4"
source = "registry+https://github.com/rust-lang/crates.io-index"
checksum = "88f843888771a490c3ad246e58bf25e62da70d2c653d74a3eca92acbab599e02"
